
Microsoft Visual Studio Solution File, Format Version 12.00
# Visual Studio 15
VisualStudioVersion = 15.0.28307.1267
MinimumVisualStudioVersion = 10.0.40219.1
Project("{FAE04EC0-301F-11D3-BF4B-00C04F79EFBC}") = "ClientProxy-P4-027_Form", "ClientProxy-P4-027_Form\ClientProxy-P4-027_Form.csproj", "{FA25CA76-B160-41BC-8103-B6E4BAB88319}"
EndProject
Global
	GlobalSection(SolutionConfigurationPlatforms) = preSolution
		Debug|Any CPU = Debug|Any CPU
		Release|Any CPU = Release|Any CPU
	EndGlobalSection
	GlobalSection(ProjectConfigurationPlatforms) = postSolution
		{FA25CA76-B160-41BC-8103-B6E4BAB88319}.Debug|Any CPU.ActiveCfg = Debug|Any CPU
		{FA25CA76-B160-41BC-8103-B6E4BAB88319}.Debug|Any CPU.Build.0 = Debug|Any CPU
		{FA25CA76-B160-41BC-8103-B6E4BAB88319}.Release|Any CPU.ActiveCfg = Release|Any CPU
		{FA25CA76-B160-41BC-8103-B6E4BAB88319}.Release|Any CPU.Build.0 = Release|Any CPU
	EndGlobalSection
	GlobalSection(SolutionProperties) = preSolution
		HideSolutionNode = FALSE
	EndGlobalSection
	GlobalSection(ExtensibilityGlobals) = postSolution
		SolutionGuid = {0B6B2A20-96AF-4180-839E-495E0CF96059}
	EndGlobalSection
EndGlobal
